
Microsoft Visual Studio Solution File, Format Version 12.00
# Visual Studio Version 17
VisualStudioVersion = 17.8.34408.163
MinimumVisualStudioVersion = 10.0.40219.1
Project("{FAE04EC0-301F-11D3-BF4B-00C04F79EFBC}") = "ChessBoardGUIApp", "ChessBoardGUIApp\ChessBoardGUIApp.csproj", "{588C3794-86F7-42AF-A5A3-D38BB08A2DDA}"
EndProject
Project("{9A19103F-16F7-4668-BE54-9A1E7A4F7556}") = "ChessBoardModel", "ChessBoardModel\ChessBoardModel.csproj", "{F1DF2608-76F9-4D6D-B4B2-46564030F7EE}"
EndProject
Global
	GlobalSection(SolutionConfigurationPlatforms) = preSolution
		Debug|Any CPU = Debug|Any CPU
		Release|Any CPU = Release|Any CPU
	EndGlobalSection
	GlobalSection(ProjectConfigurationPlatforms) = postSolution
		{588C3794-86F7-42AF-A5A3-D38BB08A2DDA}.Debug|Any CPU.ActiveCfg = Debug|Any CPU
		{588C3794-86F7-42AF-A5A3-D38BB08A2DDA}.Debug|Any CPU.Build.0 = Debug|Any CPU
		{588C3794-86F7-42AF-A5A3-D38BB08A2DDA}.Release|Any CPU.ActiveCfg = Release|Any CPU
		{588C3794-86F7-42AF-A5A3-D38BB08A2DDA}.Release|Any CPU.Build.0 = Release|Any CPU
		{F1DF2608-76F9-4D6D-B4B2-46564030F7EE}.Debug|Any CPU.ActiveCfg = Debug|Any CPU
		{F1DF2608-76F9-4D6D-B4B2-46564030F7EE}.Debug|Any CPU.Build.0 = Debug|Any CPU
		{F1DF2608-76F9-4D6D-B4B2-46564030F7EE}.Release|Any CPU.ActiveCfg = Release|Any CPU
		{F1DF2608-76F9-4D6D-B4B2-46564030F7EE}.Release|Any CPU.Build.0 = Release|Any CPU
	EndGlobalSection
	GlobalSection(SolutionProperties) = preSolution
		HideSolutionNode = FALSE
	EndGlobalSection
	GlobalSection(ExtensibilityGlobals) = postSolution
		SolutionGuid = {14D8BDEB-B16F-40CA-B5C1-67B381D48D2A}
	EndGlobalSection
EndGlobal
